
Microsoft Visual Studio Solution File, Format Version 12.00
# Visual Studio Version 17
VisualStudioVersion = 17.10.34916.146
MinimumVisualStudioVersion = 10.0.40219.1
Project("{FAE04EC0-301F-11D3-BF4B-00C04F79EFBC}") = "PAMCalculator", "PAMCalculator\PAMCalculator.csproj", "{1BBC4AD6-3261-48E3-8BBD-7187622BD9BE}"
EndProject
Global
	GlobalSection(SolutionConfigurationPlatforms) = preSolution
		Debug|Any CPU = Debug|Any CPU
		Release|Any CPU = Release|Any CPU
	EndGlobalSection
	GlobalSection(ProjectConfigurationPlatforms) = postSolution
		{1BBC4AD6-3261-48E3-8BBD-7187622BD9BE}.Debug|Any CPU.ActiveCfg = Debug|Any CPU
		{1BBC4AD6-3261-48E3-8BBD-7187622BD9BE}.Debug|Any CPU.Build.0 = Debug|Any CPU
		{1BBC4AD6-3261-48E3-8BBD-7187622BD9BE}.Debug|Any CPU.Deploy.0 = Debug|Any CPU
		{1BBC4AD6-3261-48E3-8BBD-7187622BD9BE}.Release|Any CPU.ActiveCfg = Release|Any CPU
		{1BBC4AD6-3261-48E3-8BBD-7187622BD9BE}.Release|Any CPU.Build.0 = Release|Any CPU
		{1BBC4AD6-3261-48E3-8BBD-7187622BD9BE}.Release|Any CPU.Deploy.0 = Release|Any CPU
	EndGlobalSection
	GlobalSection(SolutionProperties) = preSolution
		HideSolutionNode = FALSE
	EndGlobalSection
	GlobalSection(ExtensibilityGlobals) = postSolution
		SolutionGuid = {C1008B95-07CA-44EE-BBED-17F5C65E4909}
	EndGlobalSection
EndGlobal
